
Microsoft Visual Studio Solution File, Format Version 12.00
# Visual Studio Version 17
VisualStudioVersion = 17.13.35913.81
MinimumVisualStudioVersion = 10.0.40219.1
Project("{FAE04EC0-301F-11D3-BF4B-00C04F79EFBC}") = "Utils", "Utils\Utils.csproj", "{5440ED8D-3CFC-4AE8-BD3C-03385E70707C}"
EndProject
Project("{FAE04EC0-301F-11D3-BF4B-00C04F79EFBC}") = "MonthSorter", "MonthSorter\MonthSorter.csproj", "{4EFFB191-143D-4CE0-ACD0-EE76DBADA40E}"
EndProject
Project("{FAE04EC0-301F-11D3-BF4B-00C04F79EFBC}") = "DateSorter", "DateLinkGenerator\DateSorter.csproj", "{7E533F3B-B2B7-4109-9479-21C7F9773927}"
EndProject
Project("{FAE04EC0-301F-11D3-BF4B-00C04F79EFBC}") = "TagSetter", "TagSetter\TagSetter.csproj", "{D0788ABE-9734-4A74-ADE2-FE5585E076EE}"
EndProject
Project("{FAE04EC0-301F-11D3-BF4B-00C04F79EFBC}") = "UnclosedTasksFinder", "UnclosedTasksFinder\UnclosedTasksFinder.csproj", "{52FC7914-A7D2-4BA5-86C5-960AEA26C6FF}"
EndProject
Global
	GlobalSection(SolutionConfigurationPlatforms) = preSolution
		Debug|Any CPU = Debug|Any CPU
		Release|Any CPU = Release|Any CPU
	EndGlobalSection
	GlobalSection(ProjectConfigurationPlatforms) = postSolution
		{5440ED8D-3CFC-4AE8-BD3C-03385E70707C}.Debug|Any CPU.ActiveCfg = Debug|Any CPU
		{5440ED8D-3CFC-4AE8-BD3C-03385E70707C}.Debug|Any CPU.Build.0 = Debug|Any CPU
		{5440ED8D-3CFC-4AE8-BD3C-03385E70707C}.Release|Any CPU.ActiveCfg = Release|Any CPU
		{5440ED8D-3CFC-4AE8-BD3C-03385E70707C}.Release|Any CPU.Build.0 = Release|Any CPU
		{4EFFB191-143D-4CE0-ACD0-EE76DBADA40E}.Debug|Any CPU.ActiveCfg = Debug|Any CPU
		{4EFFB191-143D-4CE0-ACD0-EE76DBADA40E}.Debug|Any CPU.Build.0 = Debug|Any CPU
		{4EFFB191-143D-4CE0-ACD0-EE76DBADA40E}.Release|Any CPU.ActiveCfg = Release|Any CPU
		{4EFFB191-143D-4CE0-ACD0-EE76DBADA40E}.Release|Any CPU.Build.0 = Release|Any CPU
		{7E533F3B-B2B7-4109-9479-21C7F9773927}.Debug|Any CPU.ActiveCfg = Debug|Any CPU
		{7E533F3B-B2B7-4109-9479-21C7F9773927}.Debug|Any CPU.Build.0 = Debug|Any CPU
		{7E533F3B-B2B7-4109-9479-21C7F9773927}.Release|Any CPU.ActiveCfg = Release|Any CPU
		{7E533F3B-B2B7-4109-9479-21C7F9773927}.Release|Any CPU.Build.0 = Release|Any CPU
		{D0788ABE-9734-4A74-ADE2-FE5585E076EE}.Debug|Any CPU.ActiveCfg = Debug|Any CPU
		{D0788ABE-9734-4A74-ADE2-FE5585E076EE}.Debug|Any CPU.Build.0 = Debug|Any CPU
		{D0788ABE-9734-4A74-ADE2-FE5585E076EE}.Release|Any CPU.ActiveCfg = Release|Any CPU
		{D0788ABE-9734-4A74-ADE2-FE5585E076EE}.Release|Any CPU.Build.0 = Release|Any CPU
		{52FC7914-A7D2-4BA5-86C5-960AEA26C6FF}.Debug|Any CPU.ActiveCfg = Debug|Any CPU
		{52FC7914-A7D2-4BA5-86C5-960AEA26C6FF}.Debug|Any CPU.Build.0 = Debug|Any CPU
		{52FC7914-A7D2-4BA5-86C5-960AEA26C6FF}.Release|Any CPU.ActiveCfg = Release|Any CPU
		{52FC7914-A7D2-4BA5-86C5-960AEA26C6FF}.Release|Any CPU.Build.0 = Release|Any CPU
	EndGlobalSection
	GlobalSection(SolutionProperties) = preSolution
		HideSolutionNode = FALSE
	EndGlobalSection
	GlobalSection(ExtensibilityGlobals) = postSolution
		SolutionGuid = {D6BB4C7D-D857-46A7-91BB-80D61B3AE07A}
	EndGlobalSection
EndGlobal
